PODS:
  - ActiveLabel (1.1.0)
  - Alamofire (5.4.3)
  - CollectionAndTableViewCompatible (0.2.2)
  - InputMask (6.1.0)
  - IQKeyboardManagerSwift (6.5.6)
  - Kingfisher (6.3.1)
  - MGSwipeTableCell (1.6.11)
  - ObjectMapper (4.2.0)
  - Realm (10.15.0):
    - Realm/Headers (= 10.15.0)
  - Realm/Headers (10.15.0)
  - RealmSwift (10.15.0):
    - Realm (= 10.15.0)
  - SVPullToRefresh (0.4.1)
  - SwiftValidator (4.0.0)

DEPENDENCIES:
  - ActiveLabel
  - Alamofire
  - CollectionAndTableViewCompatible
  - InputMask
  - IQKeyboardManagerSwift
  - Kingfisher
  - MGSwipeTableCell
  - ObjectMapper
  - RealmSwift (~> 10)
  - SVPullToRefresh
  - SwiftValidator (from `https://github.com/jpotts18/SwiftValidator.git`, tag `4.2.0`)

SPEC REPOS:
  trunk:
    - ActiveLabel
    - Alamofire
    - CollectionAndTableViewCompatible
    - InputMask
    - IQKeyboardManagerSwift
    - Kingfisher
    - MGSwipeTableCell
    - ObjectMapper
    - Realm
    - RealmSwift
    - SVPullToRefresh

EXTERNAL SOURCES:
  SwiftValidator:
    :git: https://github.com/jpotts18/SwiftValidator.git
    :tag: 4.2.0

CHECKOUT OPTIONS:
  SwiftValidator:
    :git: https://github.com/jpotts18/SwiftValidator.git
    :tag: 4.2.0

SPEC CHECKSUMS:
  ActiveLabel: 5e3f4de79a1952d4604b845a0610d4776e4b82b3
  Alamofire: e447a2774a40c996748296fa2c55112fdbbc42f9
  CollectionAndTableViewCompatible: 10a37e76c29faa193595f7d345e4353473e4ce92
  InputMask: 71d291dc54d2deaeac6512afb6ec2304228c0bb7
  IQKeyboardManagerSwift: c7df9d2deb356c04522f5c4b7b6e4ce4d8ed94fe
  Kingfisher: 016c8b653a35add51dd34a3aba36b580041acc74
  MGSwipeTableCell: b804e4e450dee439c42250be90bd50458bf67fce
  ObjectMapper: 1eb41f610210777375fa806bf161dc39fb832b81
  Realm: 13e805eb23d3eb8d8bb700d9cf9761f4b625b389
  RealmSwift: 51b29bb4e19fe7322c8a599cf3494b8a08888ef1
  SVPullToRefresh: ba2e718695a43253d8bea6852d2960097dc15d8c
  SwiftValidator: 249b6b3ae3b294266c5b9de134d94f18f2d5aa47

PODFILE CHECKSUM: e10e5c0b6e28dcc0a0bb8a061a286d7e951135e4

COCOAPODS: 1.10.1
